
Microsoft Visual Studio Solution File, Format Version 12.00
# Visual Studio Version 17
VisualStudioVersion = 17.2.32602.215
MinimumVisualStudioVersion = 10.0.40219.1
Project("{9A19103F-16F7-4668-BE54-9A1E7A4F7556}") = "TicTacToee", "TicTacToee\TicTacToee.csproj", "{9ACD3B5F-1D79-4FA5-9D9B-C2141A56BBFA}"
EndProject
Project("{9A19103F-16F7-4668-BE54-9A1E7A4F7556}") = "TicTacToeeTests", "TicTacToeeTests\TicTacToeeTests.csproj", "{3D56432B-068A-4DB4-9527-266438BFFF48}"
EndProject
Project("{2150E333-8FDC-42A3-9474-1A3956D46DE8}") = "Solution Items", "Solution Items", "{A26ABA8D-4D81-4C93-9952-4733727C7AF5}"
	ProjectSection(SolutionItems) = preProject
		JenkinsFile.txt = JenkinsFile.txt
	EndProjectSection
EndProject
Global
	GlobalSection(SolutionConfigurationPlatforms) = preSolution
		Debug|Any CPU = Debug|Any CPU
		Release|Any CPU = Release|Any CPU
	EndGlobalSection
	GlobalSection(ProjectConfigurationPlatforms) = postSolution
		{9ACD3B5F-1D79-4FA5-9D9B-C2141A56BBFA}.Debug|Any CPU.ActiveCfg = Debug|Any CPU
		{9ACD3B5F-1D79-4FA5-9D9B-C2141A56BBFA}.Debug|Any CPU.Build.0 = Debug|Any CPU
		{9ACD3B5F-1D79-4FA5-9D9B-C2141A56BBFA}.Release|Any CPU.ActiveCfg = Release|Any CPU
		{9ACD3B5F-1D79-4FA5-9D9B-C2141A56BBFA}.Release|Any CPU.Build.0 = Release|Any CPU
		{3D56432B-068A-4DB4-9527-266438BFFF48}.Debug|Any CPU.ActiveCfg = Debug|Any CPU
		{3D56432B-068A-4DB4-9527-266438BFFF48}.Debug|Any CPU.Build.0 = Debug|Any CPU
		{3D56432B-068A-4DB4-9527-266438BFFF48}.Release|Any CPU.ActiveCfg = Release|Any CPU
		{3D56432B-068A-4DB4-9527-266438BFFF48}.Release|Any CPU.Build.0 = Release|Any CPU
	EndGlobalSection
	GlobalSection(SolutionProperties) = preSolution
		HideSolutionNode = FALSE
	EndGlobalSection
	GlobalSection(ExtensibilityGlobals) = postSolution
		SolutionGuid = {8AA868EF-0A98-4318-8CDA-F24F43DE7672}
	EndGlobalSection
EndGlobal
